
Microsoft Visual Studio Solution File, Format Version 12.00
# Visual Studio Version 17
VisualStudioVersion = 17.5.33627.172
MinimumVisualStudioVersion = 10.0.40219.1
Project("{FAE04EC0-301F-11D3-BF4B-00C04F79EFBC}") = "MyBlazorServerApp", "MyBlazorServerApp\MyBlazorServerApp.csproj", "{6117369A-CE73-4895-99B5-3AA762D82E72}"
EndProject
Project("{FAE04EC0-301F-11D3-BF4B-00C04F79EFBC}") = "MyMauiBlazorApp", "MyMauiBlazorApp\MyMauiBlazorApp.csproj", "{3CCCDEAA-41EF-48A9-AC0B-0D71526DBB91}"
EndProject
Project("{FAE04EC0-301F-11D3-BF4B-00C04F79EFBC}") = "MyMauiApp", "MyMauiApp\MyMauiApp.csproj", "{59D8EE7B-D749-40B1-8134-BB3B5B8EE122}"
EndProject
Project("{FAE04EC0-301F-11D3-BF4B-00C04F79EFBC}") = "MyRazorClassLibrary", "MyRazorClassLibrary\MyRazorClassLibrary.csproj", "{96103959-375A-4D79-B39B-B9070C98639D}"
EndProject
Global
	GlobalSection(SolutionConfigurationPlatforms) = preSolution
		Debug|Any CPU = Debug|Any CPU
		Release|Any CPU = Release|Any CPU
	EndGlobalSection
	GlobalSection(ProjectConfigurationPlatforms) = postSolution
		{6117369A-CE73-4895-99B5-3AA762D82E72}.Debug|Any CPU.ActiveCfg = Debug|Any CPU
		{6117369A-CE73-4895-99B5-3AA762D82E72}.Debug|Any CPU.Build.0 = Debug|Any CPU
		{6117369A-CE73-4895-99B5-3AA762D82E72}.Release|Any CPU.ActiveCfg = Release|Any CPU
		{6117369A-CE73-4895-99B5-3AA762D82E72}.Release|Any CPU.Build.0 = Release|Any CPU
		{3CCCDEAA-41EF-48A9-AC0B-0D71526DBB91}.Debug|Any CPU.ActiveCfg = Debug|Any CPU
		{3CCCDEAA-41EF-48A9-AC0B-0D71526DBB91}.Debug|Any CPU.Build.0 = Debug|Any CPU
		{3CCCDEAA-41EF-48A9-AC0B-0D71526DBB91}.Debug|Any CPU.Deploy.0 = Debug|Any CPU
		{3CCCDEAA-41EF-48A9-AC0B-0D71526DBB91}.Release|Any CPU.ActiveCfg = Release|Any CPU
		{3CCCDEAA-41EF-48A9-AC0B-0D71526DBB91}.Release|Any CPU.Build.0 = Release|Any CPU
		{3CCCDEAA-41EF-48A9-AC0B-0D71526DBB91}.Release|Any CPU.Deploy.0 = Release|Any CPU
		{59D8EE7B-D749-40B1-8134-BB3B5B8EE122}.Debug|Any CPU.ActiveCfg = Debug|Any CPU
		{59D8EE7B-D749-40B1-8134-BB3B5B8EE122}.Debug|Any CPU.Build.0 = Debug|Any CPU
		{59D8EE7B-D749-40B1-8134-BB3B5B8EE122}.Debug|Any CPU.Deploy.0 = Debug|Any CPU
		{59D8EE7B-D749-40B1-8134-BB3B5B8EE122}.Release|Any CPU.ActiveCfg = Release|Any CPU
		{59D8EE7B-D749-40B1-8134-BB3B5B8EE122}.Release|Any CPU.Build.0 = Release|Any CPU
		{59D8EE7B-D749-40B1-8134-BB3B5B8EE122}.Release|Any CPU.Deploy.0 = Release|Any CPU
		{96103959-375A-4D79-B39B-B9070C98639D}.Debug|Any CPU.ActiveCfg = Debug|Any CPU
		{96103959-375A-4D79-B39B-B9070C98639D}.Debug|Any CPU.Build.0 = Debug|Any CPU
		{96103959-375A-4D79-B39B-B9070C98639D}.Release|Any CPU.ActiveCfg = Release|Any CPU
		{96103959-375A-4D79-B39B-B9070C98639D}.Release|Any CPU.Build.0 = Release|Any CPU
	EndGlobalSection
	GlobalSection(SolutionProperties) = preSolution
		HideSolutionNode = FALSE
	EndGlobalSection
	GlobalSection(ExtensibilityGlobals) = postSolution
		SolutionGuid = {AFE24FF5-512D-48E7-92DB-151E5633A1C1}
	EndGlobalSection
EndGlobal
